
Microsoft Visual Studio Solution File, Format Version 12.00
# Visual Studio Version 17
VisualStudioVersion = 17.8.34525.116
MinimumVisualStudioVersion = 10.0.40219.1
Project("{9A19103F-16F7-4668-BE54-9A1E7A4F7556}") = "League", "League.csproj", "{7E02FF60-9BD3-4BD6-AF7A-1D7A7AF8B800}"
EndProject
Global
	GlobalSection(SolutionConfigurationPlatforms) = preSolution
		Debug|Any CPU = Debug|Any CPU
		Release|Any CPU = Release|Any CPU
	EndGlobalSection
	GlobalSection(ProjectConfigurationPlatforms) = postSolution
		{7E02FF60-9BD3-4BD6-AF7A-1D7A7AF8B800}.Debug|Any CPU.ActiveCfg = Debug|Any CPU
		{7E02FF60-9BD3-4BD6-AF7A-1D7A7AF8B800}.Debug|Any CPU.Build.0 = Debug|Any CPU
		{7E02FF60-9BD3-4BD6-AF7A-1D7A7AF8B800}.Release|Any CPU.ActiveCfg = Release|Any CPU
		{7E02FF60-9BD3-4BD6-AF7A-1D7A7AF8B800}.Release|Any CPU.Build.0 = Release|Any CPU
	EndGlobalSection
	GlobalSection(SolutionProperties) = preSolution
		HideSolutionNode = FALSE
	EndGlobalSection
	GlobalSection(ExtensibilityGlobals) = postSolution
		SolutionGuid = {4743A168-99C9-45F8-A01D-ECA563C8434D}
	EndGlobalSection
EndGlobal
